
Microsoft Visual Studio Solution File, Format Version 10.00
# Visual Studio 2008
Project("{FAE04EC0-301F-11D3-BF4B-00C04F79EFBC}") = "AndyPike.Presentations.IntroToTDD", "AndyPike.Presentations.IntroToTDD\AndyPike.Presentations.IntroToTDD.csproj", "{D55CC15D-CF43-4251-B23D-3A17A96E82D4}"
EndProject
Project("{FAE04EC0-301F-11D3-BF4B-00C04F79EFBC}") = "AndyPike.Presentations.IntroToTDD.Tests", "AndyPike.Presentations.IntroToTDD.Tests\AndyPike.Presentations.IntroToTDD.Tests.csproj", "{F51D44E8-E82E-4388-AB33-B24C62FB97FB}"
EndProject
Global
	GlobalSection(SolutionConfigurationPlatforms) = preSolution
		Debug|Any CPU = Debug|Any CPU
		Release|Any CPU = Release|Any CPU
	EndGlobalSection
	GlobalSection(ProjectConfigurationPlatforms) = postSolution
		{D55CC15D-CF43-4251-B23D-3A17A96E82D4}.Debug|Any CPU.ActiveCfg = Debug|Any CPU
		{D55CC15D-CF43-4251-B23D-3A17A96E82D4}.Debug|Any CPU.Build.0 = Debug|Any CPU
		{D55CC15D-CF43-4251-B23D-3A17A96E82D4}.Release|Any CPU.ActiveCfg = Release|Any CPU
		{D55CC15D-CF43-4251-B23D-3A17A96E82D4}.Release|Any CPU.Build.0 = Release|Any CPU
		{F51D44E8-E82E-4388-AB33-B24C62FB97FB}.Debug|Any CPU.ActiveCfg = Debug|Any CPU
		{F51D44E8-E82E-4388-AB33-B24C62FB97FB}.Debug|Any CPU.Build.0 = Debug|Any CPU
		{F51D44E8-E82E-4388-AB33-B24C62FB97FB}.Release|Any CPU.ActiveCfg = Release|Any CPU
		{F51D44E8-E82E-4388-AB33-B24C62FB97FB}.Release|Any CPU.Build.0 = Release|Any CPU
	EndGlobalSection
	GlobalSection(SolutionProperties) = preSolution
		HideSolutionNode = FALSE
	EndGlobalSection
EndGlobal
