
Microsoft Visual Studio Solution File, Format Version 10.00
# Visual Studio 2008
Project("{FAE04EC0-301F-11D3-BF4B-00C04F79EFBC}") = "AndyPike.ORMBattle.ARBaseClass", "AndyPike.ORMBattle.ARBaseClass\AndyPike.ORMBattle.ARBaseClass.csproj", "{26B85F58-5C72-4265-8089-17B250E4D6CF}"
EndProject
Project("{FAE04EC0-301F-11D3-BF4B-00C04F79EFBC}") = "AndyPike.ORMBattle.ARRepository", "AndyPike.ORMBattle.ARRepository\AndyPike.ORMBattle.ARRepository.csproj", "{726F758C-7CC6-4E77-B804-BE306DC62566}"
EndProject
Global
	GlobalSection(SolutionConfigurationPlatforms) = preSolution
		Debug|Any CPU = Debug|Any CPU
		Release|Any CPU = Release|Any CPU
	EndGlobalSection
	GlobalSection(ProjectConfigurationPlatforms) = postSolution
		{26B85F58-5C72-4265-8089-17B250E4D6CF}.Debug|Any CPU.ActiveCfg = Debug|Any CPU
		{26B85F58-5C72-4265-8089-17B250E4D6CF}.Debug|Any CPU.Build.0 = Debug|Any CPU
		{26B85F58-5C72-4265-8089-17B250E4D6CF}.Release|Any CPU.ActiveCfg = Release|Any CPU
		{26B85F58-5C72-4265-8089-17B250E4D6CF}.Release|Any CPU.Build.0 = Release|Any CPU
		{726F758C-7CC6-4E77-B804-BE306DC62566}.Debug|Any CPU.ActiveCfg = Debug|Any CPU
		{726F758C-7CC6-4E77-B804-BE306DC62566}.Debug|Any CPU.Build.0 = Debug|Any CPU
		{726F758C-7CC6-4E77-B804-BE306DC62566}.Release|Any CPU.ActiveCfg = Release|Any CPU
		{726F758C-7CC6-4E77-B804-BE306DC62566}.Release|Any CPU.Build.0 = Release|Any CPU
	EndGlobalSection
	GlobalSection(SolutionProperties) = preSolution
		HideSolutionNode = FALSE
	EndGlobalSection
EndGlobal
